
Microsoft Visual Studio Solution File, Format Version 12.00
# Visual Studio Version 17
VisualStudioVersion = 17.2.32630.192
MinimumVisualStudioVersion = 10.0.40219.1
Project("{9A19103F-16F7-4668-BE54-9A1E7A4F7556}") = "BlobCreateApp", "BlobApp\BlobCreateApp.csproj", "{97B5C9F8-A243-40AF-B943-A089F9B7B3FF}"
EndProject
Project("{9A19103F-16F7-4668-BE54-9A1E7A4F7556}") = "BlobUploadApp", "BlobUploadApp\BlobUploadApp.csproj", "{7A01F838-3784-4938-B318-4A32565B216B}"
EndProject
Project("{9A19103F-16F7-4668-BE54-9A1E7A4F7556}") = "BlobListApp", "BlobListApp\BlobListApp.csproj", "{73468816-02EC-4ECE-AACE-F56C34C9FA70}"
EndProject
Project("{FAE04EC0-301F-11D3-BF4B-00C04F79EFBC}") = "BlobDownloadApp", "BlobDownloadApp\BlobDownloadApp.csproj", "{3ED3AB98-D366-4E04-9423-04A950102CB1}"
EndProject
Global
	GlobalSection(SolutionConfigurationPlatforms) = preSolution
		Debug|Any CPU = Debug|Any CPU
		Release|Any CPU = Release|Any CPU
	EndGlobalSection
	GlobalSection(ProjectConfigurationPlatforms) = postSolution
		{97B5C9F8-A243-40AF-B943-A089F9B7B3FF}.Debug|Any CPU.ActiveCfg = Debug|Any CPU
		{97B5C9F8-A243-40AF-B943-A089F9B7B3FF}.Debug|Any CPU.Build.0 = Debug|Any CPU
		{97B5C9F8-A243-40AF-B943-A089F9B7B3FF}.Release|Any CPU.ActiveCfg = Release|Any CPU
		{97B5C9F8-A243-40AF-B943-A089F9B7B3FF}.Release|Any CPU.Build.0 = Release|Any CPU
		{7A01F838-3784-4938-B318-4A32565B216B}.Debug|Any CPU.ActiveCfg = Debug|Any CPU
		{7A01F838-3784-4938-B318-4A32565B216B}.Debug|Any CPU.Build.0 = Debug|Any CPU
		{7A01F838-3784-4938-B318-4A32565B216B}.Release|Any CPU.ActiveCfg = Release|Any CPU
		{7A01F838-3784-4938-B318-4A32565B216B}.Release|Any CPU.Build.0 = Release|Any CPU
		{73468816-02EC-4ECE-AACE-F56C34C9FA70}.Debug|Any CPU.ActiveCfg = Debug|Any CPU
		{73468816-02EC-4ECE-AACE-F56C34C9FA70}.Debug|Any CPU.Build.0 = Debug|Any CPU
		{73468816-02EC-4ECE-AACE-F56C34C9FA70}.Release|Any CPU.ActiveCfg = Release|Any CPU
		{73468816-02EC-4ECE-AACE-F56C34C9FA70}.Release|Any CPU.Build.0 = Release|Any CPU
		{3ED3AB98-D366-4E04-9423-04A950102CB1}.Debug|Any CPU.ActiveCfg = Debug|Any CPU
		{3ED3AB98-D366-4E04-9423-04A950102CB1}.Debug|Any CPU.Build.0 = Debug|Any CPU
		{3ED3AB98-D366-4E04-9423-04A950102CB1}.Release|Any CPU.ActiveCfg = Release|Any CPU
		{3ED3AB98-D366-4E04-9423-04A950102CB1}.Release|Any CPU.Build.0 = Release|Any CPU
	EndGlobalSection
	GlobalSection(SolutionProperties) = preSolution
		HideSolutionNode = FALSE
	EndGlobalSection
	GlobalSection(ExtensibilityGlobals) = postSolution
		SolutionGuid = {F65DB511-007E-400E-AE8C-CA983E2C1778}
	EndGlobalSection
EndGlobal
